
Microsoft Visual Studio Solution File, Format Version 12.00
# Visual Studio Version 16
VisualStudioVersion = 16.0.30114.105
MinimumVisualStudioVersion = 10.0.40219.1
Project("{888888A0-9F3D-457C-B088-3A5042F75D52}") = "AIoT", "AIoT.pyproj", "{A9C935BF-7CEA-4DEF-86C7-845008FE9146}"
EndProject
Global
	GlobalSection(SolutionConfigurationPlatforms) = preSolution
		Debug|Any CPU = Debug|Any CPU
		Release|Any CPU = Release|Any CPU
	EndGlobalSection
	GlobalSection(ProjectConfigurationPlatforms) = postSolution
		{A9C935BF-7CEA-4DEF-86C7-845008FE9146}.Debug|Any CPU.ActiveCfg = Debug|Any CPU
		{A9C935BF-7CEA-4DEF-86C7-845008FE9146}.Release|Any CPU.ActiveCfg = Release|Any CPU
	EndGlobalSection
	GlobalSection(SolutionProperties) = preSolution
		HideSolutionNode = FALSE
	EndGlobalSection
	GlobalSection(ExtensibilityGlobals) = postSolution
		SolutionGuid = {4128A1BC-00A0-4437-9217-4D8ECD87690F}
	EndGlobalSection
EndGlobal
